
Microsoft Visual Studio Solution File, Format Version 12.00
# Visual Studio Version 17
VisualStudioVersion = 17.7.34031.279
MinimumVisualStudioVersion = 10.0.40219.1
Project("{8BC9CEB8-8B4A-11D0-8D11-00A0C91BC942}") = "OpenSiv3D_0.6.51", "OpenSiv3D_0.6.51.vcxproj", "{FE2D2017-6AA4-4913-A4A4-31F274C64957}"
EndProject
Global
	GlobalSection(SolutionConfigurationPlatforms) = preSolution
		Debug|x64 = Debug|x64
		Release|x64 = Release|x64
	EndGlobalSection
	GlobalSection(ProjectConfigurationPlatforms) = postSolution
		{FE2D2017-6AA4-4913-A4A4-31F274C64957}.Debug|x64.ActiveCfg = Debug|x64
		{FE2D2017-6AA4-4913-A4A4-31F274C64957}.Debug|x64.Build.0 = Debug|x64
		{FE2D2017-6AA4-4913-A4A4-31F274C64957}.Release|x64.ActiveCfg = Release|x64
		{FE2D2017-6AA4-4913-A4A4-31F274C64957}.Release|x64.Build.0 = Release|x64
	EndGlobalSection
	GlobalSection(SolutionProperties) = preSolution
		HideSolutionNode = FALSE
	EndGlobalSection
	GlobalSection(ExtensibilityGlobals) = postSolution
		SolutionGuid = {FA9EE8BB-F38A-4E44-BE68-CD727208F7E6}
	EndGlobalSection
EndGlobal
